
Microsoft Visual Studio Solution File, Format Version 12.00
Project("{FAE04EC0-301F-11D3-BF4B-00C04F79EFBC}") = "QuotesAPI", "QuotesAPI.csproj", "{47C8965E-284D-443B-955B-07DCE2C4ED2B}"
EndProject
Global
	GlobalSection(SolutionConfigurationPlatforms) = preSolution
		Debug|Any CPU = Debug|Any CPU
		Release|Any CPU = Release|Any CPU
	EndGlobalSection
	GlobalSection(ProjectConfigurationPlatforms) = postSolution
		{47C8965E-284D-443B-955B-07DCE2C4ED2B}.Debug|Any CPU.ActiveCfg = Debug|Any CPU
		{47C8965E-284D-443B-955B-07DCE2C4ED2B}.Debug|Any CPU.Build.0 = Debug|Any CPU
		{47C8965E-284D-443B-955B-07DCE2C4ED2B}.Release|Any CPU.ActiveCfg = Release|Any CPU
		{47C8965E-284D-443B-955B-07DCE2C4ED2B}.Release|Any CPU.Build.0 = Release|Any CPU
	EndGlobalSection
EndGlobal
